// !$*UTF8*$!
{
	archiveVersion = 1;
	classes = {
	};
	objectVersion = 46;
	objects = {

/* Begin PBXBuildFile section */
		CD756DBA1D223CC900CD4A15 /* main.m in Sources */ = {isa = PBXBuildFile; fileRef = CD756DB91D223CC900CD4A15 /* main.m */; };
		CD756DBD1D223CC900CD4A15 /* AppDelegate.m in Sources */ = {isa = PBXBuildFile; fileRef = CD756DBC1D223CC900CD4A15 /* AppDelegate.m */; };
		CD756DC51D223CC900CD4A15 /* Assets.xcassets in Resources */ = {isa = PBXBuildFile; fileRef = CD756DC41D223CC900CD4A15 /* Assets.xcassets */; };
		CD756DC81D223CC900CD4A15 /* LaunchScreen.storyboard in Resources */ = {isa = PBXBuildFile; fileRef = CD756DC61D223CC900CD4A15 /* LaunchScreen.storyboard */; };
		CD756DD31D223CC900CD4A15 /* bantangTests.m in Sources */ = {isa = PBXBuildFile; fileRef = CD756DD21D223CC900CD4A15 /* bantangTests.m */; };
		CD756DDE1D223CC900CD4A15 /* bantangUITests.m in Sources */ = {isa = PBXBuildFile; fileRef = CD756DDD1D223CC900CD4A15 /* bantangUITests.m */; };
		CD756EA11D24FE4E00CD4A15 /* dynamicItem.m in Sources */ = {isa = PBXBuildFile; fileRef = CD756EA01D24FE4E00CD4A15 /* dynamicItem.m */; };
		CD756EA41D25121A00CD4A15 /* delegateContainer.m in Sources */ = {isa = PBXBuildFile; fileRef = CD756EA31D25121A00CD4A15 /* delegateContainer.m */; };
		CD756EA71D25190300CD4A15 /* ZHNContainerViewController.m in Sources */ = {isa = PBXBuildFile; fileRef = CD756EA61D25190300CD4A15 /* ZHNContainerViewController.m */; };
		CD756EAA1D251B0D00CD4A15 /* zhnBaseViewController.m in Sources */ = {isa = PBXBuildFile; fileRef = CD756EA91D251B0D00CD4A15 /* zhnBaseViewController.m */; };
		CD756EAD1D254F6900CD4A15 /* ceshiViewController.m in Sources */ = {isa = PBXBuildFile; fileRef = CD756EAC1D254F6900CD4A15 /* ceshiViewController.m */; };
		CD756EB01D25618800CD4A15 /* zhnToolView.m in Sources */ = {isa = PBXBuildFile; fileRef = CD756EAF1D25618800CD4A15 /* zhnToolView.m */; };
		CD7B34471D2654E800597279 /* tempViewController.m in Sources */ = {isa = PBXBuildFile; fileRef = CD7B34461D2654E800597279 /* tempViewController.m */; };
		DF146513A3467C1F1A3B7D6A /* libPods-bantang.a in Frameworks */ = {isa = PBXBuildFile; fileRef = 8B4D092541D21F1C0CB358F7 /* libPods-bantang.a */; };
/* End PBXBuildFile section */

/* Begin PBXContainerItemProxy section */
		CD756DCF1D223CC900CD4A15 /* PBXContainerItemProxy */ = {
			isa = PBXContainerItemProxy;
			containerPortal = CD756DAD1D223CC900CD4A15 /* Project object */;
			proxyType = 1;
			remoteGlobalIDString = CD756DB41D223CC900CD4A15;
			remoteInfo = bantang;
		};
		CD756DDA1D223CC900CD4A15 /* PBXContainerItemProxy */ = {
			isa = PBXContainerItemProxy;
			containerPortal = CD756DAD1D223CC900CD4A15 /* Project object */;
			proxyType = 1;
			remoteGlobalIDString = CD756DB41D223CC900CD4A15;
			remoteInfo = bantang;
		};
/* End PBXContainerItemProxy section */

/* Begin PBXFileReference section */
		59B8E9ACABFEF2A25E930F1B /* Pods-bantang.release.xcconfig */ = {isa = PBXFileReference; includeInIndex = 1; lastKnownFileType = text.xcconfig; name = "Pods-bantang.release.xcconfig"; path = "Pods/Target Support Files/Pods-bantang/Pods-bantang.release.xcconfig"; sourceTree = "<group>"; };
		8B4D092541D21F1C0CB358F7 /* libPods-bantang.a */ = {isa = PBXFileReference; explicitFileType = archive.ar; includeInIndex = 0; path = "libPods-bantang.a"; sourceTree = BUILT_PRODUCTS_DIR; };
		CD756DB51D223CC900CD4A15 /* bantang.app */ = {isa = PBXFileReference; explicitFileType = wrapper.application; includeInIndex = 0; path = bantang.app; sourceTree = BUILT_PRODUCTS_DIR; };
		CD756DB91D223CC900CD4A15 /* main.m */ = {isa = PBXFileReference; lastKnownFileType = sourcecode.c.objc; path = main.m; sourceTree = "<group>"; };
		CD756DBB1D223CC900CD4A15 /* AppDelegate.h */ = {isa = PBXFileReference; lastKnownFileType = sourcecode.c.h; path = AppDelegate.h; sourceTree = "<group>"; };
		CD756DBC1D223CC900CD4A15 /* AppDelegate.m */ = {isa = PBXFileReference; lastKnownFileType = sourcecode.c.objc; path = AppDelegate.m; sourceTree = "<group>"; };
		CD756DC41D223CC900CD4A15 /* Assets.xcassets */ = {isa = PBXFileReference; lastKnownFileType = folder.assetcatalog; path = Assets.xcassets; sourceTree = "<group>"; };
		CD756DC71D223CC900CD4A15 /* Base */ = {isa = PBXFileReference; lastKnownFileType = file.storyboard; name = Base; path = Base.lproj/LaunchScreen.storyboard; sourceTree = "<group>"; };
		CD756DC91D223CC900CD4A15 /* Info.plist */ = {isa = PBXFileReference; lastKnownFileType = text.plist.xml; path = Info.plist; sourceTree = "<group>"; };
		CD756DCE1D223CC900CD4A15 /* bantangTests.xctest */ = {isa = PBXFileReference; explicitFileType = wrapper.cfbundle; includeInIndex = 0; path = bantangTests.xctest; sourceTree = BUILT_PRODUCTS_DIR; };
		CD756DD21D223CC900CD4A15 /* bantangTests.m */ = {isa = PBXFileReference; lastKnownFileType = sourcecode.c.objc; path = bantangTests.m; sourceTree = "<group>"; };
		CD756DD41D223CC900CD4A15 /* Info.plist */ = {isa = PBXFileReference; lastKnownFileType = text.plist.xml; path = Info.plist; sourceTree = "<group>"; };
		CD756DD91D223CC900CD4A15 /* bantangUITests.xctest */ = {isa = PBXFileReference; explicitFileType = wrapper.cfbundle; includeInIndex = 0; path = bantangUITests.xctest; sourceTree = BUILT_PRODUCTS_DIR; };
		CD756DDD1D223CC900CD4A15 /* bantangUITests.m */ = {isa = PBXFileReference; lastKnownFileType = sourcecode.c.objc; path = bantangUITests.m; sourceTree = "<group>"; };
		CD756DDF1D223CC900CD4A15 /* Info.plist */ = {isa = PBXFileReference; lastKnownFileType = text.plist.xml; path = Info.plist; sourceTree = "<group>"; };
		CD756E9F1D24FE4E00CD4A15 /* dynamicItem.h */ = {isa = PBXFileReference; fileEncoding = 4; lastKnownFileType = sourcecode.c.h; name = dynamicItem.h; path = ../dynamicItem.h; sourceTree = "<group>"; };
		CD756EA01D24FE4E00CD4A15 /* dynamicItem.m */ = {isa = PBXFileReference; fileEncoding = 4; lastKnownFileType = sourcecode.c.objc; name = dynamicItem.m; path = ../dynamicItem.m; sourceTree = "<group>"; };
		CD756EA21D25121A00CD4A15 /* delegateContainer.h */ = {isa = PBXFileReference; fileEncoding = 4; lastKnownFileType = sourcecode.c.h; name = delegateContainer.h; path = ../delegateContainer.h; sourceTree = "<group>"; };
		CD756EA31D25121A00CD4A15 /* delegateContainer.m */ = {isa = PBXFileReference; fileEncoding = 4; lastKnownFileType = sourcecode.c.objc; name = delegateContainer.m; path = ../delegateContainer.m; sourceTree = "<group>"; };
		CD756EA51D25190300CD4A15 /* ZHNContainerViewController.h */ = {isa = PBXFileReference; fileEncoding = 4; lastKnownFileType = sourcecode.c.h; name = ZHNContainerViewController.h; path = ../ZHNContainerViewController.h; sourceTree = "<group>"; };
		CD756EA61D25190300CD4A15 /* ZHNContainerViewController.m */ = {isa = PBXFileReference; fileEncoding = 4; lastKnownFileType = sourcecode.c.objc; name = ZHNContainerViewController.m; path = ../ZHNContainerViewController.m; sourceTree = "<group>"; };
		CD756EA81D251B0D00CD4A15 /* zhnBaseViewController.h */ = {isa = PBXFileReference; fileEncoding = 4; lastKnownFileType = sourcecode.c.h; name = zhnBaseViewController.h; path = ../zhnBaseViewController.h; sourceTree = "<group>"; };
		CD756EA91D251B0D00CD4A15 /* zhnBaseViewController.m */ = {isa = PBXFileReference; fileEncoding = 4; lastKnownFileType = sourcecode.c.objc; name = zhnBaseViewController.m; path = ../zhnBaseViewController.m; sourceTree = "<group>"; };
		CD756EAB1D254F6900CD4A15 /* ceshiViewController.h */ = {isa = PBXFileReference; fileEncoding = 4; lastKnownFileType = sourcecode.c.h; path = ceshiViewController.h; sourceTree = "<group>"; };
		CD756EAC1D254F6900CD4A15 /* ceshiViewController.m */ = {isa = PBXFileReference; fileEncoding = 4; lastKnownFileType = sourcecode.c.objc; path = ceshiViewController.m; sourceTree = "<group>"; };
		CD756EAE1D25618800CD4A15 /* zhnToolView.h */ = {isa = PBXFileReference; fileEncoding = 4; lastKnownFileType = sourcecode.c.h; name = zhnToolView.h; path = ../zhnToolView.h; sourceTree = "<group>"; };
		CD756EAF1D25618800CD4A15 /* zhnToolView.m */ = {isa = PBXFileReference; fileEncoding = 4; lastKnownFileType = sourcecode.c.objc; name = zhnToolView.m; path = ../zhnToolView.m; sourceTree = "<group>"; };
		CD7B34451D2654E800597279 /* tempViewController.h */ = {isa = PBXFileReference; fileEncoding = 4; lastKnownFileType = sourcecode.c.h; path = tempViewController.h; sourceTree = "<group>"; };
		CD7B34461D2654E800597279 /* tempViewController.m */ = {isa = PBXFileReference; fileEncoding = 4; lastKnownFileType = sourcecode.c.objc; path = tempViewController.m; sourceTree = "<group>"; };
		CE8E5524090C186386CC8DFD /* Pods-bantang.debug.xcconfig */ = {isa = PBXFileReference; includeInIndex = 1; lastKnownFileType = text.xcconfig; name = "Pods-bantang.debug.xcconfig"; path = "Pods/Target Support Files/Pods-bantang/Pods-bantang.debug.xcconfig"; sourceTree = "<group>"; };
/* End PBXFileReference section */

/* Begin PBXFrameworksBuildPhase section */
		CD756DB21D223CC900CD4A15 /* Frameworks */ = {
			isa = PBXFrameworksBuildPhase;
			buildActionMask = 2147483647;
			files = (
				DF146513A3467C1F1A3B7D6A /* libPods-bantang.a in Frameworks */,
			);
			runOnlyForDeploymentPostprocessing = 0;
		};
		CD756DCB1D223CC900CD4A15 /* Frameworks */ = {
			isa = PBXFrameworksBuildPhase;
			buildActionMask = 2147483647;
			files = (
			);
			runOnlyForDeploymentPostprocessing = 0;
		};
		CD756DD61D223CC900CD4A15 /* Frameworks */ = {
			isa = PBXFrameworksBuildPhase;
			buildActionMask = 2147483647;
			files = (
			);
			runOnlyForDeploymentPostprocessing = 0;
		};
/* End PBXFrameworksBuildPhase section */

/* Begin PBXGroup section */
		C839D20A2FD4E9BA047D4D83 /* Frameworks */ = {
			isa = PBXGroup;
			children = (
				8B4D092541D21F1C0CB358F7 /* libPods-bantang.a */,
			);
			name = Frameworks;
			sourceTree = "<group>";
		};
		CD756DAC1D223CC900CD4A15 = {
			isa = PBXGroup;
			children = (
				CD756DB71D223CC900CD4A15 /* bantang */,
				CD756DD11D223CC900CD4A15 /* bantangTests */,
				CD756DDC1D223CC900CD4A15 /* bantangUITests */,
				CD756DB61D223CC900CD4A15 /* Products */,
				F547831149C0C97B8A8B4F1C /* Pods */,
				C839D20A2FD4E9BA047D4D83 /* Frameworks */,
			);
			sourceTree = "<group>";
		};
		CD756DB61D223CC900CD4A15 /* Products */ = {
			isa = PBXGroup;
			children = (
				CD756DB51D223CC900CD4A15 /* bantang.app */,
				CD756DCE1D223CC900CD4A15 /* bantangTests.xctest */,
				CD756DD91D223CC900CD4A15 /* bantangUITests.xctest */,
			);
			name = Products;
			sourceTree = "<group>";
		};
		CD756DB71D223CC900CD4A15 /* bantang */ = {
			isa = PBXGroup;
			children = (
				CD756DBB1D223CC900CD4A15 /* AppDelegate.h */,
				CD756DBC1D223CC900CD4A15 /* AppDelegate.m */,
				CD756EAB1D254F6900CD4A15 /* ceshiViewController.h */,
				CD756EAC1D254F6900CD4A15 /* ceshiViewController.m */,
				CD7B34451D2654E800597279 /* tempViewController.h */,
				CD7B34461D2654E800597279 /* tempViewController.m */,
				CD756EB11D2568A600CD4A15 /* ZHNcontainerViewController */,
				CD756DC41D223CC900CD4A15 /* Assets.xcassets */,
				CD756DC61D223CC900CD4A15 /* LaunchScreen.storyboard */,
				CD756DC91D223CC900CD4A15 /* Info.plist */,
				CD756DB81D223CC900CD4A15 /* Supporting Files */,
			);
			path = bantang;
			sourceTree = "<group>";
		};
		CD756DB81D223CC900CD4A15 /* Supporting Files */ = {
			isa = PBXGroup;
			children = (
				CD756DB91D223CC900CD4A15 /* main.m */,
			);
			name = "Supporting Files";
			sourceTree = "<group>";
		};
		CD756DD11D223CC900CD4A15 /* bantangTests */ = {
			isa = PBXGroup;
			children = (
				CD756DD21D223CC900CD4A15 /* bantangTests.m */,
				CD756DD41D223CC900CD4A15 /* Info.plist */,
			);
			path = bantangTests;
			sourceTree = "<group>";
		};
		CD756DDC1D223CC900CD4A15 /* bantangUITests */ = {
			isa = PBXGroup;
			children = (
				CD756DDD1D223CC900CD4A15 /* bantangUITests.m */,
				CD756DDF1D223CC900CD4A15 /* Info.plist */,
			);
			path = bantangUITests;
			sourceTree = "<group>";
		};
		CD756EB11D2568A600CD4A15 /* ZHNcontainerViewController */ = {
			isa = PBXGroup;
			children = (
				CD756EA51D25190300CD4A15 /* ZHNContainerViewController.h */,
				CD756EA61D25190300CD4A15 /* ZHNContainerViewController.m */,
				CD756EAE1D25618800CD4A15 /* zhnToolView.h */,
				CD756EAF1D25618800CD4A15 /* zhnToolView.m */,
				CD756EA81D251B0D00CD4A15 /* zhnBaseViewController.h */,
				CD756EA91D251B0D00CD4A15 /* zhnBaseViewController.m */,
				CD756EA21D25121A00CD4A15 /* delegateContainer.h */,
				CD756EA31D25121A00CD4A15 /* delegateContainer.m */,
				CD756E9F1D24FE4E00CD4A15 /* dynamicItem.h */,
				CD756EA01D24FE4E00CD4A15 /* dynamicItem.m */,
			);
			path = ZHNcontainerViewController;
			sourceTree = "<group>";
		};
		F547831149C0C97B8A8B4F1C /* Pods */ = {
			isa = PBXGroup;
			children = (
				CE8E5524090C186386CC8DFD /* Pods-bantang.debug.xcconfig */,
				59B8E9ACABFEF2A25E930F1B /* Pods-bantang.release.xcconfig */,
			);
			name = Pods;
			sourceTree = "<group>";
		};
/* End PBXGroup section */

/* Begin PBXNativeTarget section */
		CD756DB41D223CC900CD4A15 /* bantang */ = {
			isa = PBXNativeTarget;
			buildConfigurationList = CD756DE21D223CC900CD4A15 /* Build configuration list for PBXNativeTarget "bantang" */;
			buildPhases = (
				6C4F6C39C466A4DE9BB342D7 /* 📦 Check Pods Manifest.lock */,
				CD756DB11D223CC900CD4A15 /* Sources */,
				CD756DB21D223CC900CD4A15 /* Frameworks */,
				CD756DB31D223CC900CD4A15 /* Resources */,
				D2C6227CD1B8E6286722A57B /* 📦 Embed Pods Frameworks */,
				A324FFD90CCB220B294F30D4 /* 📦 Copy Pods Resources */,
			);
			buildRules = (
			);
			dependencies = (
			);
			name = bantang;
			productName = bantang;
			productReference = CD756DB51D223CC900CD4A15 /* bantang.app */;
			productType = "com.apple.product-type.application";
		};
		CD756DCD1D223CC900CD4A15 /* bantangTests */ = {
			isa = PBXNativeTarget;
			buildConfigurationList = CD756DE51D223CC900CD4A15 /* Build configuration list for PBXNativeTarget "bantangTests" */;
			buildPhases = (
				CD756DCA1D223CC900CD4A15 /* Sources */,
				CD756DCB1D223CC900CD4A15 /* Frameworks */,
				CD756DCC1D223CC900CD4A15 /* Resources */,
			);
			buildRules = (
			);
			dependencies = (
				CD756DD01D223CC900CD4A15 /* PBXTargetDependency */,
			);
			name = bantangTests;
			productName = bantangTests;
			productReference = CD756DCE1D223CC900CD4A15 /* bantangTests.xctest */;
			productType = "com.apple.product-type.bundle.unit-test";
		};
		CD756DD81D223CC900CD4A15 /* bantangUITests */ = {
			isa = PBXNativeTarget;
			buildConfigurationList = CD756DE81D223CC900CD4A15 /* Build configuration list for PBXNativeTarget "bantangUITests" */;
			buildPhases = (
				CD756DD51D223CC900CD4A15 /* Sources */,
				CD756DD61D223CC900CD4A15 /* Frameworks */,
				CD756DD71D223CC900CD4A15 /* Resources */,
			);
			buildRules = (
			);
			dependencies = (
				CD756DDB1D223CC900CD4A15 /* PBXTargetDependency */,
			);
			name = bantangUITests;
			productName = bantangUITests;
			productReference = CD756DD91D223CC900CD4A15 /* bantangUITests.xctest */;
			productType = "com.apple.product-type.bundle.ui-testing";
		};
/* End PBXNativeTarget section */

/* Begin PBXProject section */
		CD756DAD1D223CC900CD4A15 /* Project object */ = {
			isa = PBXProject;
			attributes = {
				LastUpgradeCheck = 0720;
				ORGANIZATIONNAME = zhn;
				TargetAttributes = {
					CD756DB41D223CC900CD4A15 = {
						CreatedOnToolsVersion = 7.2;
						DevelopmentTeam = 5V5B3UC44Z;
					};
					CD756DCD1D223CC900CD4A15 = {
						CreatedOnToolsVersion = 7.2;
						TestTargetID = CD756DB41D223CC900CD4A15;
					};
					CD756DD81D223CC900CD4A15 = {
						CreatedOnToolsVersion = 7.2;
						TestTargetID = CD756DB41D223CC900CD4A15;
					};
				};
			};
			buildConfigurationList = CD756DB01D223CC900CD4A15 /* Build configuration list for PBXProject "bantang" */;
			compatibilityVersion = "Xcode 3.2";
			developmentRegion = English;
			hasScannedForEncodings = 0;
			knownRegions = (
				en,
				Base,
			);
			mainGroup = CD756DAC1D223CC900CD4A15;
			productRefGroup = CD756DB61D223CC900CD4A15 /* Products */;
			projectDirPath = "";
			projectRoot = "";
			targets = (
				CD756DB41D223CC900CD4A15 /* bantang */,
				CD756DCD1D223CC900CD4A15 /* bantangTests */,
				CD756DD81D223CC900CD4A15 /* bantangUITests */,
			);
		};
/* End PBXProject section */

/* Begin PBXResourcesBuildPhase section */
		CD756DB31D223CC900CD4A15 /* Resources */ = {
			isa = PBXResourcesBuildPhase;
			buildActionMask = 2147483647;
			files = (
				CD756DC81D223CC900CD4A15 /* LaunchScreen.storyboard in Resources */,
				CD756DC51D223CC900CD4A15 /* Assets.xcassets in Resources */,
			);
			runOnlyForDeploymentPostprocessing = 0;
		};
		CD756DCC1D223CC900CD4A15 /* Resources */ = {
			isa = PBXResourcesBuildPhase;
			buildActionMask = 2147483647;
			files = (
			);
			runOnlyForDeploymentPostprocessing = 0;
		};
		CD756DD71D223CC900CD4A15 /* Resources */ = {
			isa = PBXResourcesBuildPhase;
			buildActionMask = 2147483647;
			files = (
			);
			runOnlyForDeploymentPostprocessing = 0;
		};
/* End PBXResourcesBuildPhase section */

/* Begin PBXShellScriptBuildPhase section */
		6C4F6C39C466A4DE9BB342D7 /* 📦 Check Pods Manifest.lock */ = {
			isa = PBXShellScriptBuildPhase;
			buildActionMask = 2147483647;
			files = (
			);
			inputPaths = (
			);
			name = "📦 Check Pods Manifest.lock";
			outputPaths = (
			);
			runOnlyForDeploymentPostprocessing = 0;
			shellPath = /bin/sh;
			shellScript = "diff \"${PODS_ROOT}/../Podfile.lock\" \"${PODS_ROOT}/Manifest.lock\" > /dev/null\nif [[ $? != 0 ]] ; then\n    cat << EOM\nerror: The sandbox is not in sync with the Podfile.lock. Run 'pod install' or update your CocoaPods installation.\nEOM\n    exit 1\nfi\n";
			showEnvVarsInLog = 0;
		};
		A324FFD90CCB220B294F30D4 /* 📦 Copy Pods Resources */ = {
			isa = PBXShellScriptBuildPhase;
			buildActionMask = 2147483647;
			files = (
			);
			inputPaths = (
			);
			name = "📦 Copy Pods Resources";
			outputPaths = (
			);
			runOnlyForDeploymentPostprocessing = 0;
			shellPath = /bin/sh;
			shellScript = "\"${SRCROOT}/Pods/Target Support Files/Pods-bantang/Pods-bantang-resources.sh\"\n";
			showEnvVarsInLog = 0;
		};
		D2C6227CD1B8E6286722A57B /* 📦 Embed Pods Frameworks */ = {
			isa = PBXShellScriptBuildPhase;
			buildActionMask = 2147483647;
			files = (
			);
			inputPaths = (
			);
			name = "📦 Embed Pods Frameworks";
			outputPaths = (
			);
			runOnlyForDeploymentPostprocessing = 0;
			shellPath = /bin/sh;
			shellScript = "\"${SRCROOT}/Pods/Target Support Files/Pods-bantang/Pods-bantang-frameworks.sh\"\n";
			showEnvVarsInLog = 0;
		};
/* End PBXShellScriptBuildPhase section */

/* Begin PBXSourcesBuildPhase section */
		CD756DB11D223CC900CD4A15 /* Sources */ = {
			isa = PBXSourcesBuildPhase;
			buildActionMask = 2147483647;
			files = (
				CD756DBD1D223CC900CD4A15 /* AppDelegate.m in Sources */,
				CD756EB01D25618800CD4A15 /* zhnToolView.m in Sources */,
				CD756EAD1D254F6900CD4A15 /* ceshiViewController.m in Sources */,
				CD756DBA1D223CC900CD4A15 /* main.m in Sources */,
				CD7B34471D2654E800597279 /* tempViewController.m in Sources */,
				CD756EAA1D251B0D00CD4A15 /* zhnBaseViewController.m in Sources */,
				CD756EA41D25121A00CD4A15 /* delegateContainer.m in Sources */,
				CD756EA71D25190300CD4A15 /* ZHNContainerViewController.m in Sources */,
				CD756EA11D24FE4E00CD4A15 /* dynamicItem.m in Sources */,
			);
			runOnlyForDeploymentPostprocessing = 0;
		};
		CD756DCA1D223CC900CD4A15 /* Sources */ = {
			isa = PBXSourcesBuildPhase;
			buildActionMask = 2147483647;
			files = (
				CD756DD31D223CC900CD4A15 /* bantangTests.m in Sources */,
			);
			runOnlyForDeploymentPostprocessing = 0;
		};
		CD756DD51D223CC900CD4A15 /* Sources */ = {
			isa = PBXSourcesBuildPhase;
			buildActionMask = 2147483647;
			files = (
				CD756DDE1D223CC900CD4A15 /* bantangUITests.m in Sources */,
			);
			runOnlyForDeploymentPostprocessing = 0;
		};
/* End PBXSourcesBuildPhase section */

/* Begin PBXTargetDependency section */
		CD756DD01D223CC900CD4A15 /* PBXTargetDependency */ = {
			isa = PBXTargetDependency;
			target = CD756DB41D223CC900CD4A15 /* bantang */;
			targetProxy = CD756DCF1D223CC900CD4A15 /* PBXContainerItemProxy */;
		};
		CD756DDB1D223CC900CD4A15 /* PBXTargetDependency */ = {
			isa = PBXTargetDependency;
			target = CD756DB41D223CC900CD4A15 /* bantang */;
			targetProxy = CD756DDA1D223CC900CD4A15 /* PBXContainerItemProxy */;
		};
/* End PBXTargetDependency section */

/* Begin PBXVariantGroup section */
		CD756DC61D223CC900CD4A15 /* LaunchScreen.storyboard */ = {
			isa = PBXVariantGroup;
			children = (
				CD756DC71D223CC900CD4A15 /* Base */,
			);
			name = LaunchScreen.storyboard;
			sourceTree = "<group>";
		};
/* End PBXVariantGroup section */

/* Begin XCBuildConfiguration section */
		CD756DE01D223CC900CD4A15 /* Debug */ = {
			isa = XCBuildConfiguration;
			buildSettings = {
				ALWAYS_SEARCH_USER_PATHS = NO;
				CLANG_CXX_LANGUAGE_STANDARD = "gnu++0x";
				CLANG_CXX_LIBRARY = "libc++";
				CLANG_ENABLE_MODULES = YES;
				CLANG_ENABLE_OBJC_ARC = YES;
				CLANG_WARN_BOOL_CONVERSION = YES;
				CLANG_WARN_CONSTANT_CONVERSION = YES;
				CLANG_WARN_DIRECT_OBJC_ISA_USAGE = YES_ERROR;
				CLANG_WARN_EMPTY_BODY = YES;
				CLANG_WARN_ENUM_CONVERSION = YES;
				CLANG_WARN_INT_CONVERSION = YES;
				CLANG_WARN_OBJC_ROOT_CLASS = YES_ERROR;
				CLANG_WARN_UNREACHABLE_CODE = YES;
				CLANG_WARN__DUPLICATE_METHOD_MATCH = YES;
				"CODE_SIGN_IDENTITY[sdk=iphoneos*]" = "iPhone Developer";
				COPY_PHASE_STRIP = NO;
				DEBUG_INFORMATION_FORMAT = dwarf;
				ENABLE_STRICT_OBJC_MSGSEND = YES;
				ENABLE_TESTABILITY = YES;
				GCC_C_LANGUAGE_STANDARD = gnu99;
				GCC_DYNAMIC_NO_PIC = NO;
				GCC_NO_COMMON_BLOCKS = YES;
				GCC_OPTIMIZATION_LEVEL = 0;
				GCC_PREPROCESSOR_DEFINITIONS = (
					"DEBUG=1",
					"$(inherited)",
				);
				GCC_WARN_64_TO_32_BIT_CONVERSION = YES;
				GCC_WARN_ABOUT_RETURN_TYPE = YES_ERROR;
				GCC_WARN_UNDECLARED_SELECTOR = YES;
				GCC_WARN_UNINITIALIZED_AUTOS = YES_AGGRESSIVE;
				GCC_WARN_UNUSED_FUNCTION = YES;
				GCC_WARN_UNUSED_VARIABLE = YES;
				IPHONEOS_DEPLOYMENT_TARGET = 9.2;
				MTL_ENABLE_DEBUG_INFO = YES;
				ONLY_ACTIVE_ARCH = YES;
				SDKROOT = iphoneos;
			};
			name = Debug;
		};
		CD756DE11D223CC900CD4A15 /* Release */ = {
			isa = XCBuildConfiguration;
			buildSettings = {
				ALWAYS_SEARCH_USER_PATHS = NO;
				CLANG_CXX_LANGUAGE_STANDARD = "gnu++0x";
				CLANG_CXX_LIBRARY = "libc++";
				CLANG_ENABLE_MODULES = YES;
				CLANG_ENABLE_OBJC_ARC = YES;
				CLANG_WARN_BOOL_CONVERSION = YES;
				CLANG_WARN_CONSTANT_CONVERSION = YES;
				CLANG_WARN_DIRECT_OBJC_ISA_USAGE = YES_ERROR;
				CLANG_WARN_EMPTY_BODY = YES;
				CLANG_WARN_ENUM_CONVERSION = YES;
				CLANG_WARN_INT_CONVERSION = YES;
				CLANG_WARN_OBJC_ROOT_CLASS = YES_ERROR;
				CLANG_WARN_UNREACHABLE_CODE = YES;
				CLANG_WARN__DUPLICATE_METHOD_MATCH = YES;
				"CODE_SIGN_IDENTITY[sdk=iphoneos*]" = "iPhone Developer";
				COPY_PHASE_STRIP = NO;
				DEBUG_INFORMATION_FORMAT = "dwarf-with-dsym";
				ENABLE_NS_ASSERTIONS = NO;
				ENABLE_STRICT_OBJC_MSGSEND = YES;
				GCC_C_LANGUAGE_STANDARD = gnu99;
				GCC_NO_COMMON_BLOCKS = YES;
				GCC_WARN_64_TO_32_BIT_CONVERSION = YES;
				GCC_WARN_ABOUT_RETURN_TYPE = YES_ERROR;
				GCC_WARN_UNDECLARED_SELECTOR = YES;
				GCC_WARN_UNINITIALIZED_AUTOS = YES_AGGRESSIVE;
				GCC_WARN_UNUSED_FUNCTION = YES;
				GCC_WARN_UNUSED_VARIABLE = YES;
				IPHONEOS_DEPLOYMENT_TARGET = 9.2;
				MTL_ENABLE_DEBUG_INFO = NO;
				SDKROOT = iphoneos;
				VALIDATE_PRODUCT = YES;
			};
			name = Release;
		};
		CD756DE31D223CC900CD4A15 /* Debug */ = {
			isa = XCBuildConfiguration;
			baseConfigurationReference = CE8E5524090C186386CC8DFD /* Pods-bantang.debug.xcconfig */;
			buildSettings = {
				ASSETCATALOG_COMPILER_APPICON_NAME = AppIcon;
				CODE_SIGN_IDENTITY = "iPhone Developer";
				INFOPLIST_FILE = bantang/Info.plist;
				IPHONEOS_DEPLOYMENT_TARGET = 9.1;
				LD_RUNPATH_SEARCH_PATHS = "$(inherited) @executable_path/Frameworks";
				PRODUCT_BUNDLE_IDENTIFIER = zhn.bantang;
				PRODUCT_NAME = "$(TARGET_NAME)";
			};
			name = Debug;
		};
		CD756DE41D223CC900CD4A15 /* Release */ = {
			isa = XCBuildConfiguration;
			baseConfigurationReference = 59B8E9ACABFEF2A25E930F1B /* Pods-bantang.release.xcconfig */;
			buildSettings = {
				ASSETCATALOG_COMPILER_APPICON_NAME = AppIcon;
				CODE_SIGN_IDENTITY = "iPhone Developer";
				INFOPLIST_FILE = bantang/Info.plist;
				IPHONEOS_DEPLOYMENT_TARGET = 9.1;
				LD_RUNPATH_SEARCH_PATHS = "$(inherited) @executable_path/Frameworks";
				PRODUCT_BUNDLE_IDENTIFIER = zhn.bantang;
				PRODUCT_NAME = "$(TARGET_NAME)";
			};
			name = Release;
		};
		CD756DE61D223CC900CD4A15 /* Debug */ = {
			isa = XCBuildConfiguration;
			buildSettings = {
				BUNDLE_LOADER = "$(TEST_HOST)";
				INFOPLIST_FILE = bantangTests/Info.plist;
				LD_RUNPATH_SEARCH_PATHS = "$(inherited) @executable_path/Frameworks @loader_path/Frameworks";
				PRODUCT_BUNDLE_IDENTIFIER = zhn.bantangTests;
				PRODUCT_NAME = "$(TARGET_NAME)";
				TEST_HOST = "$(BUILT_PRODUCTS_DIR)/bantang.app/bantang";
			};
			name = Debug;
		};
		CD756DE71D223CC900CD4A15 /* Release */ = {
			isa = XCBuildConfiguration;
			buildSettings = {
				BUNDLE_LOADER = "$(TEST_HOST)";
				INFOPLIST_FILE = bantangTests/Info.plist;
				LD_RUNPATH_SEARCH_PATHS = "$(inherited) @executable_path/Frameworks @loader_path/Frameworks";
				PRODUCT_BUNDLE_IDENTIFIER = zhn.bantangTests;
				PRODUCT_NAME = "$(TARGET_NAME)";
				TEST_HOST = "$(BUILT_PRODUCTS_DIR)/bantang.app/bantang";
			};
			name = Release;
		};
		CD756DE91D223CC900CD4A15 /* Debug */ = {
			isa = XCBuildConfiguration;
			buildSettings = {
				INFOPLIST_FILE = bantangUITests/Info.plist;
				LD_RUNPATH_SEARCH_PATHS = "$(inherited) @executable_path/Frameworks @loader_path/Frameworks";
				PRODUCT_BUNDLE_IDENTIFIER = zhn.bantangUITests;
				PRODUCT_NAME = "$(TARGET_NAME)";
				TEST_TARGET_NAME = bantang;
				USES_XCTRUNNER = YES;
			};
			name = Debug;
		};
		CD756DEA1D223CC900CD4A15 /* Release */ = {
			isa = XCBuildConfiguration;
			buildSettings = {
				INFOPLIST_FILE = bantangUITests/Info.plist;
				LD_RUNPATH_SEARCH_PATHS = "$(inherited) @executable_path/Frameworks @loader_path/Frameworks";
				PRODUCT_BUNDLE_IDENTIFIER = zhn.bantangUITests;
				PRODUCT_NAME = "$(TARGET_NAME)";
				TEST_TARGET_NAME = bantang;
				USES_XCTRUNNER = YES;
			};
			name = Release;
		};
/* End XCBuildConfiguration section */

/* Begin XCConfigurationList section */
		CD756DB01D223CC900CD4A15 /* Build configuration list for PBXProject "bantang" */ = {
			isa = XCConfigurationList;
			buildConfigurations = (
				CD756DE01D223CC900CD4A15 /* Debug */,
				CD756DE11D223CC900CD4A15 /* Release */,
			);
			defaultConfigurationIsVisible = 0;
			defaultConfigurationName = Release;
		};
		CD756DE21D223CC900CD4A15 /* Build configuration list for PBXNativeTarget "bantang" */ = {
			isa = XCConfigurationList;
			buildConfigurations = (
				CD756DE31D223CC900CD4A15 /* Debug */,
				CD756DE41D223CC900CD4A15 /* Release */,
			);
			defaultConfigurationIsVisible = 0;
			defaultConfigurationName = Release;
		};
		CD756DE51D223CC900CD4A15 /* Build configuration list for PBXNativeTarget "bantangTests" */ = {
			isa = XCConfigurationList;
			buildConfigurations = (
				CD756DE61D223CC900CD4A15 /* Debug */,
				CD756DE71D223CC900CD4A15 /* Release */,
			);
			defaultConfigurationIsVisible = 0;
			defaultConfigurationName = Release;
		};
		CD756DE81D223CC900CD4A15 /* Build configuration list for PBXNativeTarget "bantangUITests" */ = {
			isa = XCConfigurationList;
			buildConfigurations = (
				CD756DE91D223CC900CD4A15 /* Debug */,
				CD756DEA1D223CC900CD4A15 /* Release */,
			);
			defaultConfigurationIsVisible = 0;
			defaultConfigurationName = Release;
		};
/* End XCConfigurationList section */
	};
	rootObject = CD756DAD1D223CC900CD4A15 /* Project object */;
}
